<Solution>
  <Folder Name="/src/">
    <Project Path="src/Inventory.Api/Inventory.Api.csproj" />
    <Project Path="src/Orders.Api/Orders.Api.csproj" />
    <Project Path="src/Orders.Domain/Orders.Domain.csproj" />
    <Project Path="src/Payments.Api/Payments.Api.csproj" />
    <Project Path="src/Shipping.Api/Shipping.Api.csproj" />
  </Folder>
  <Folder Name="/tests/" />
  <Folder Name="/tests/architecture/">
    <Project Path="tests/architecture/OrdersSaga.ArchitectureTests/OrdersSaga.ArchitectureTests.csproj" />
  </Folder>
  <Folder Name="/tests/integration/">
    <Project Path="tests/integration/OrdersSaga.IntegrationTests/OrdersSaga.IntegrationTests.csproj" />
  </Folder>
  <Folder Name="/tests/unit/">
    <Project Path="tests/unit/OrdersSaga.UnitTests/OrdersSaga.UnitTests.csproj" />
  </Folder>
</Solution>
